// !$*UTF8*$!
{
	archiveVersion = 1;
	classes = {
	};
	objectVersion = 46;
	objects = {

/* Begin PBXBuildFile section */
		4823F4E81D1A5CCF0075587F /* barney.jpg in Resources */ = {isa = PBXBuildFile; fileRef = 4823F4D81D1A5CCF0075587F /* barney.jpg */; };
		4823F4E91D1A5CCF0075587F /* bart.jpg in Resources */ = {isa = PBXBuildFile; fileRef = 4823F4D91D1A5CCF0075587F /* bart.jpg */; };
		4823F4EA1D1A5CCF0075587F /* Burns.jpg.png in Resources */ = {isa = PBXBuildFile; fileRef = 4823F4DA1D1A5CCF0075587F /* Burns.jpg.png */; };
		4823F4EB1D1A5CCF0075587F /* crusty.jpg in Resources */ = {isa = PBXBuildFile; fileRef = 4823F4DB1D1A5CCF0075587F /* crusty.jpg */; };
		4823F4EC1D1A5CCF0075587F /* gorgory.jpg in Resources */ = {isa = PBXBuildFile; fileRef = 4823F4DC1D1A5CCF0075587F /* gorgory.jpg */; };
		4823F4ED1D1A5CCF0075587F /* Homer.jpg in Resources */ = {isa = PBXBuildFile; fileRef = 4823F4DD1D1A5CCF0075587F /* Homer.jpg */; };
		4823F4EE1D1A5CCF0075587F /* lisa.jpg in Resources */ = {isa = PBXBuildFile; fileRef = 4823F4DE1D1A5CCF0075587F /* lisa.jpg */; };
		4823F4EF1D1A5CCF0075587F /* maggie.png in Resources */ = {isa = PBXBuildFile; fileRef = 4823F4DF1D1A5CCF0075587F /* maggie.png */; };
		4823F4F01D1A5CCF0075587F /* marge.jpg in Resources */ = {isa = PBXBuildFile; fileRef = 4823F4E01D1A5CCF0075587F /* marge.jpg */; };
		4823F4F11D1A5CCF0075587F /* martin.jpg in Resources */ = {isa = PBXBuildFile; fileRef = 4823F4E11D1A5CCF0075587F /* martin.jpg */; };
		4823F4F21D1A5CCF0075587F /* Milhouse.jpg in Resources */ = {isa = PBXBuildFile; fileRef = 4823F4E21D1A5CCF0075587F /* Milhouse.jpg */; };
		4823F4F31D1A5CCF0075587F /* moe.jpg in Resources */ = {isa = PBXBuildFile; fileRef = 4823F4E31D1A5CCF0075587F /* moe.jpg */; };
		4823F4F41D1A5CCF0075587F /* otto.jpg in Resources */ = {isa = PBXBuildFile; fileRef = 4823F4E41D1A5CCF0075587F /* otto.jpg */; };
		4823F4F51D1A5CCF0075587F /* santa.jpg in Resources */ = {isa = PBXBuildFile; fileRef = 4823F4E51D1A5CCF0075587F /* santa.jpg */; };
		4823F4F61D1A5CCF0075587F /* skinner.jpg in Resources */ = {isa = PBXBuildFile; fileRef = 4823F4E61D1A5CCF0075587F /* skinner.jpg */; };
		4823F4F71D1A5CCF0075587F /* smithers.jpg in Resources */ = {isa = PBXBuildFile; fileRef = 4823F4E71D1A5CCF0075587F /* smithers.jpg */; };
		487D47151D14E0F100B22CA2 /* main.m in Sources */ = {isa = PBXBuildFile; fileRef = 487D47141D14E0F100B22CA2 /* main.m */; };
		487D47181D14E0F100B22CA2 /* AppDelegate.m in Sources */ = {isa = PBXBuildFile; fileRef = 487D47171D14E0F100B22CA2 /* AppDelegate.m */; };
		487D471B1D14E0F100B22CA2 /* Start.m in Sources */ = {isa = PBXBuildFile; fileRef = 487D471A1D14E0F100B22CA2 /* Start.m */; };
		487D471E1D14E0F100B22CA2 /* Main.storyboard in Resources */ = {isa = PBXBuildFile; fileRef = 487D471C1D14E0F100B22CA2 /* Main.storyboard */; };
		487D47211D14E0F100B22CA2 /* Lab04_Table.xcdatamodeld in Sources */ = {isa = PBXBuildFile; fileRef = 487D471F1D14E0F100B22CA2 /* Lab04_Table.xcdatamodeld */; };
		487D47231D14E0F100B22CA2 /* Assets.xcassets in Resources */ = {isa = PBXBuildFile; fileRef = 487D47221D14E0F100B22CA2 /* Assets.xcassets */; };
		487D47261D14E0F100B22CA2 /* LaunchScreen.storyboard in Resources */ = {isa = PBXBuildFile; fileRef = 487D47241D14E0F100B22CA2 /* LaunchScreen.storyboard */; };
		487D47311D1A144D00B22CA2 /* Intro.m in Sources */ = {isa = PBXBuildFile; fileRef = 487D47301D1A144D00B22CA2 /* Intro.m */; };
		487D47341D1A1CE100B22CA2 /* Declarations.m in Sources */ = {isa = PBXBuildFile; fileRef = 487D47331D1A1CE100B22CA2 /* Declarations.m */; };
		487D47371D1A384600B22CA2 /* bart_test.png in Resources */ = {isa = PBXBuildFile; fileRef = 487D47361D1A384600B22CA2 /* bart_test.png */; };
		487D473A1D1A396C00B22CA2 /* lisa_test.gif in Resources */ = {isa = PBXBuildFile; fileRef = 487D47381D1A396C00B22CA2 /* lisa_test.gif */; };
		487D473B1D1A396C00B22CA2 /* maggie_test.gif in Resources */ = {isa = PBXBuildFile; fileRef = 487D47391D1A396C00B22CA2 /* maggie_test.gif */; };
		487D473E1D1A458800B22CA2 /* HomeScreen.m in Sources */ = {isa = PBXBuildFile; fileRef = 487D473D1D1A458800B22CA2 /* HomeScreen.m */; };
		487D47431D1A4BFF00B22CA2 /* cellSimpson.m in Sources */ = {isa = PBXBuildFile; fileRef = 487D47411D1A4BFF00B22CA2 /* cellSimpson.m */; };
		487D47441D1A4BFF00B22CA2 /* cellSimpson.xib in Resources */ = {isa = PBXBuildFile; fileRef = 487D47421D1A4BFF00B22CA2 /* cellSimpson.xib */; };
/* End PBXBuildFile section */

/* Begin PBXFileReference section */
		4823F4D81D1A5CCF0075587F /* barney.jpg */ = {isa = PBXFileReference; lastKnownFileType = image.jpeg; path = barney.jpg; sourceTree = "<group>"; };
		4823F4D91D1A5CCF0075587F /* bart.jpg */ = {isa = PBXFileReference; lastKnownFileType = image.jpeg; path = bart.jpg; sourceTree = "<group>"; };
		4823F4DA1D1A5CCF0075587F /* Burns.jpg.png */ = {isa = PBXFileReference; lastKnownFileType = image.png; path = Burns.jpg.png; sourceTree = "<group>"; };
		4823F4DB1D1A5CCF0075587F /* crusty.jpg */ = {isa = PBXFileReference; lastKnownFileType = image.jpeg; path = crusty.jpg; sourceTree = "<group>"; };
		4823F4DC1D1A5CCF0075587F /* gorgory.jpg */ = {isa = PBXFileReference; lastKnownFileType = image.jpeg; path = gorgory.jpg; sourceTree = "<group>"; };
		4823F4DD1D1A5CCF0075587F /* Homer.jpg */ = {isa = PBXFileReference; lastKnownFileType = image.jpeg; path = Homer.jpg; sourceTree = "<group>"; };
		4823F4DE1D1A5CCF0075587F /* lisa.jpg */ = {isa = PBXFileReference; lastKnownFileType = image.jpeg; path = lisa.jpg; sourceTree = "<group>"; };
		4823F4DF1D1A5CCF0075587F /* maggie.png */ = {isa = PBXFileReference; lastKnownFileType = image.png; path = maggie.png; sourceTree = "<group>"; };
		4823F4E01D1A5CCF0075587F /* marge.jpg */ = {isa = PBXFileReference; lastKnownFileType = image.jpeg; path = marge.jpg; sourceTree = "<group>"; };
		4823F4E11D1A5CCF0075587F /* martin.jpg */ = {isa = PBXFileReference; lastKnownFileType = image.jpeg; path = martin.jpg; sourceTree = "<group>"; };
		4823F4E21D1A5CCF0075587F /* Milhouse.jpg */ = {isa = PBXFileReference; lastKnownFileType = image.jpeg; path = Milhouse.jpg; sourceTree = "<group>"; };
		4823F4E31D1A5CCF0075587F /* moe.jpg */ = {isa = PBXFileReference; lastKnownFileType = image.jpeg; path = moe.jpg; sourceTree = "<group>"; };
		4823F4E41D1A5CCF0075587F /* otto.jpg */ = {isa = PBXFileReference; lastKnownFileType = image.jpeg; path = otto.jpg; sourceTree = "<group>"; };
		4823F4E51D1A5CCF0075587F /* santa.jpg */ = {isa = PBXFileReference; lastKnownFileType = image.jpeg; path = santa.jpg; sourceTree = "<group>"; };
		4823F4E61D1A5CCF0075587F /* skinner.jpg */ = {isa = PBXFileReference; lastKnownFileType = image.jpeg; path = skinner.jpg; sourceTree = "<group>"; };
		4823F4E71D1A5CCF0075587F /* smithers.jpg */ = {isa = PBXFileReference; lastKnownFileType = image.jpeg; path = smithers.jpg; sourceTree = "<group>"; };
		487D47101D14E0F100B22CA2 /* Lab04_Table.app */ = {isa = PBXFileReference; explicitFileType = wrapper.application; includeInIndex = 0; path = Lab04_Table.app; sourceTree = BUILT_PRODUCTS_DIR; };
		487D47141D14E0F100B22CA2 /* main.m */ = {isa = PBXFileReference; lastKnownFileType = sourcecode.c.objc; path = main.m; sourceTree = "<group>"; };
		487D47161D14E0F100B22CA2 /* AppDelegate.h */ = {isa = PBXFileReference; lastKnownFileType = sourcecode.c.h; path = AppDelegate.h; sourceTree = "<group>"; };
		487D47171D14E0F100B22CA2 /* AppDelegate.m */ = {isa = PBXFileReference; lastKnownFileType = sourcecode.c.objc; path = AppDelegate.m; sourceTree = "<group>"; };
		487D47191D14E0F100B22CA2 /* Start.h */ = {isa = PBXFileReference; lastKnownFileType = sourcecode.c.h; path = Start.h; sourceTree = "<group>"; };
		487D471A1D14E0F100B22CA2 /* Start.m */ = {isa = PBXFileReference; lastKnownFileType = sourcecode.c.objc; path = Start.m; sourceTree = "<group>"; };
		487D471D1D14E0F100B22CA2 /* Base */ = {isa = PBXFileReference; lastKnownFileType = file.storyboard; name = Base; path = Base.lproj/Main.storyboard; sourceTree = "<group>"; };
		487D47201D14E0F100B22CA2 /* Lab04_Table.xcdatamodel */ = {isa = PBXFileReference; lastKnownFileType = wrapper.xcdatamodel; path = Lab04_Table.xcdatamodel; sourceTree = "<group>"; };
		487D47221D14E0F100B22CA2 /* Assets.xcassets */ = {isa = PBXFileReference; lastKnownFileType = folder.assetcatalog; path = Assets.xcassets; sourceTree = "<group>"; };
		487D47251D14E0F100B22CA2 /* Base */ = {isa = PBXFileReference; lastKnownFileType = file.storyboard; name = Base; path = Base.lproj/LaunchScreen.storyboard; sourceTree = "<group>"; };
		487D47271D14E0F100B22CA2 /* Info.plist */ = {isa = PBXFileReference; lastKnownFileType = text.plist.xml; path = Info.plist; sourceTree = "<group>"; };
		487D472F1D1A144D00B22CA2 /* Intro.h */ = {isa = PBXFileReference; fileEncoding = 4; lastKnownFileType = sourcecode.c.h; path = Intro.h; sourceTree = "<group>"; };
		487D47301D1A144D00B22CA2 /* Intro.m */ = {isa = PBXFileReference; fileEncoding = 4; lastKnownFileType = sourcecode.c.objc; path = Intro.m; sourceTree = "<group>"; };
		487D47321D1A1CE100B22CA2 /* Declarations.h */ = {isa = PBXFileReference; fileEncoding = 4; lastKnownFileType = sourcecode.c.h; path = Declarations.h; sourceTree = "<group>"; };
		487D47331D1A1CE100B22CA2 /* Declarations.m */ = {isa = PBXFileReference; fileEncoding = 4; lastKnownFileType = sourcecode.c.objc; path = Declarations.m; sourceTree = "<group>"; };
		487D47361D1A384600B22CA2 /* bart_test.png */ = {isa = PBXFileReference; lastKnownFileType = image.png; path = bart_test.png; sourceTree = "<group>"; };
		487D47381D1A396C00B22CA2 /* lisa_test.gif */ = {isa = PBXFileReference; lastKnownFileType = image.gif; path = lisa_test.gif; sourceTree = "<group>"; };
		487D47391D1A396C00B22CA2 /* maggie_test.gif */ = {isa = PBXFileReference; lastKnownFileType = image.gif; path = maggie_test.gif; sourceTree = "<group>"; };
		487D473C1D1A458800B22CA2 /* HomeScreen.h */ = {isa = PBXFileReference; fileEncoding = 4; lastKnownFileType = sourcecode.c.h; path = HomeScreen.h; sourceTree = "<group>"; };
		487D473D1D1A458800B22CA2 /* HomeScreen.m */ = {isa = PBXFileReference; fileEncoding = 4; lastKnownFileType = sourcecode.c.objc; path = HomeScreen.m; sourceTree = "<group>"; };
		487D47401D1A4BFF00B22CA2 /* cellSimpson.h */ = {isa = PBXFileReference; fileEncoding = 4; lastKnownFileType = sourcecode.c.h; path = cellSimpson.h; sourceTree = "<group>"; };
		487D47411D1A4BFF00B22CA2 /* cellSimpson.m */ = {isa = PBXFileReference; fileEncoding = 4; lastKnownFileType = sourcecode.c.objc; path = cellSimpson.m; sourceTree = "<group>"; };
		487D47421D1A4BFF00B22CA2 /* cellSimpson.xib */ = {isa = PBXFileReference; fileEncoding = 4; lastKnownFileType = file.xib; path = cellSimpson.xib; sourceTree = "<group>"; };
/* End PBXFileReference section */

/* Begin PBXFrameworksBuildPhase section */
		487D470D1D14E0F100B22CA2 /* Frameworks */ = {
			isa = PBXFrameworksBuildPhase;
			buildActionMask = 2147483647;
			files = (
			);
			runOnlyForDeploymentPostprocessing = 0;
		};
/* End PBXFrameworksBuildPhase section */

/* Begin PBXGroup section */
		487D47071D14E0F100B22CA2 = {
			isa = PBXGroup;
			children = (
				487D47121D14E0F100B22CA2 /* Lab04_Table */,
				487D47111D14E0F100B22CA2 /* Products */,
			);
			sourceTree = "<group>";
		};
		487D47111D14E0F100B22CA2 /* Products */ = {
			isa = PBXGroup;
			children = (
				487D47101D14E0F100B22CA2 /* Lab04_Table.app */,
			);
			name = Products;
			sourceTree = "<group>";
		};
		487D47121D14E0F100B22CA2 /* Lab04_Table */ = {
			isa = PBXGroup;
			children = (
				487D472D1D14E1F800B22CA2 /* Main */,
				487D472E1D14E20200B22CA2 /* Controller */,
				487D473F1D1A4BAD00B22CA2 /* Cells */,
				487D47351D1A384600B22CA2 /* imgs */,
				487D471C1D14E0F100B22CA2 /* Main.storyboard */,
				487D47221D14E0F100B22CA2 /* Assets.xcassets */,
				487D47241D14E0F100B22CA2 /* LaunchScreen.storyboard */,
				487D47271D14E0F100B22CA2 /* Info.plist */,
				487D471F1D14E0F100B22CA2 /* Lab04_Table.xcdatamodeld */,
				487D47131D14E0F100B22CA2 /* Supporting Files */,
			);
			path = Lab04_Table;
			sourceTree = "<group>";
		};
		487D47131D14E0F100B22CA2 /* Supporting Files */ = {
			isa = PBXGroup;
			children = (
				487D47141D14E0F100B22CA2 /* main.m */,
			);
			name = "Supporting Files";
			sourceTree = "<group>";
		};
		487D472D1D14E1F800B22CA2 /* Main */ = {
			isa = PBXGroup;
			children = (
				487D47161D14E0F100B22CA2 /* AppDelegate.h */,
				487D47171D14E0F100B22CA2 /* AppDelegate.m */,
				487D47321D1A1CE100B22CA2 /* Declarations.h */,
				487D47331D1A1CE100B22CA2 /* Declarations.m */,
			);
			name = Main;
			sourceTree = "<group>";
		};
		487D472E1D14E20200B22CA2 /* Controller */ = {
			isa = PBXGroup;
			children = (
				487D47191D14E0F100B22CA2 /* Start.h */,
				487D471A1D14E0F100B22CA2 /* Start.m */,
				487D472F1D1A144D00B22CA2 /* Intro.h */,
				487D47301D1A144D00B22CA2 /* Intro.m */,
				487D473C1D1A458800B22CA2 /* HomeScreen.h */,
				487D473D1D1A458800B22CA2 /* HomeScreen.m */,
			);
			name = Controller;
			sourceTree = "<group>";
		};
		487D47351D1A384600B22CA2 /* imgs */ = {
			isa = PBXGroup;
			children = (
				4823F4D81D1A5CCF0075587F /* barney.jpg */,
				4823F4D91D1A5CCF0075587F /* bart.jpg */,
				4823F4DA1D1A5CCF0075587F /* Burns.jpg.png */,
				4823F4DB1D1A5CCF0075587F /* crusty.jpg */,
				4823F4DC1D1A5CCF0075587F /* gorgory.jpg */,
				4823F4DD1D1A5CCF0075587F /* Homer.jpg */,
				4823F4DE1D1A5CCF0075587F /* lisa.jpg */,
				4823F4DF1D1A5CCF0075587F /* maggie.png */,
				4823F4E01D1A5CCF0075587F /* marge.jpg */,
				4823F4E11D1A5CCF0075587F /* martin.jpg */,
				4823F4E21D1A5CCF0075587F /* Milhouse.jpg */,
				4823F4E31D1A5CCF0075587F /* moe.jpg */,
				4823F4E41D1A5CCF0075587F /* otto.jpg */,
				4823F4E51D1A5CCF0075587F /* santa.jpg */,
				4823F4E61D1A5CCF0075587F /* skinner.jpg */,
				4823F4E71D1A5CCF0075587F /* smithers.jpg */,
				487D47381D1A396C00B22CA2 /* lisa_test.gif */,
				487D47391D1A396C00B22CA2 /* maggie_test.gif */,
				487D47361D1A384600B22CA2 /* bart_test.png */,
			);
			path = imgs;
			sourceTree = "<group>";
		};
		487D473F1D1A4BAD00B22CA2 /* Cells */ = {
			isa = PBXGroup;
			children = (
				487D47401D1A4BFF00B22CA2 /* cellSimpson.h */,
				487D47411D1A4BFF00B22CA2 /* cellSimpson.m */,
				487D47421D1A4BFF00B22CA2 /* cellSimpson.xib */,
			);
			name = Cells;
			sourceTree = "<group>";
		};
/* End PBXGroup section */

/* Begin PBXNativeTarget section */
		487D470F1D14E0F100B22CA2 /* Lab04_Table */ = {
			isa = PBXNativeTarget;
			buildConfigurationList = 487D472A1D14E0F100B22CA2 /* Build configuration list for PBXNativeTarget "Lab04_Table" */;
			buildPhases = (
				487D470C1D14E0F100B22CA2 /* Sources */,
				487D470D1D14E0F100B22CA2 /* Frameworks */,
				487D470E1D14E0F100B22CA2 /* Resources */,
			);
			buildRules = (
			);
			dependencies = (
			);
			name = Lab04_Table;
			productName = Lab04_Table;
			productReference = 487D47101D14E0F100B22CA2 /* Lab04_Table.app */;
			productType = "com.apple.product-type.application";
		};
/* End PBXNativeTarget section */

/* Begin PBXProject section */
		487D47081D14E0F100B22CA2 /* Project object */ = {
			isa = PBXProject;
			attributes = {
				LastUpgradeCheck = 0710;
				ORGANIZATIONNAME = "Luis Diaz";
				TargetAttributes = {
					487D470F1D14E0F100B22CA2 = {
						CreatedOnToolsVersion = 7.1.1;
					};
				};
			};
			buildConfigurationList = 487D470B1D14E0F100B22CA2 /* Build configuration list for PBXProject "Lab04_Table" */;
			compatibilityVersion = "Xcode 3.2";
			developmentRegion = English;
			hasScannedForEncodings = 0;
			knownRegions = (
				en,
				Base,
			);
			mainGroup = 487D47071D14E0F100B22CA2;
			productRefGroup = 487D47111D14E0F100B22CA2 /* Products */;
			projectDirPath = "";
			projectRoot = "";
			targets = (
				487D470F1D14E0F100B22CA2 /* Lab04_Table */,
			);
		};
/* End PBXProject section */

/* Begin PBXResourcesBuildPhase section */
		487D470E1D14E0F100B22CA2 /* Resources */ = {
			isa = PBXResourcesBuildPhase;
			buildActionMask = 2147483647;
			files = (
				4823F4F71D1A5CCF0075587F /* smithers.jpg in Resources */,
				4823F4ED1D1A5CCF0075587F /* Homer.jpg in Resources */,
				4823F4F41D1A5CCF0075587F /* otto.jpg in Resources */,
				4823F4F21D1A5CCF0075587F /* Milhouse.jpg in Resources */,
				4823F4EF1D1A5CCF0075587F /* maggie.png in Resources */,
				487D47371D1A384600B22CA2 /* bart_test.png in Resources */,
				487D47261D14E0F100B22CA2 /* LaunchScreen.storyboard in Resources */,
				4823F4F01D1A5CCF0075587F /* marge.jpg in Resources */,
				4823F4E81D1A5CCF0075587F /* barney.jpg in Resources */,
				487D47231D14E0F100B22CA2 /* Assets.xcassets in Resources */,
				4823F4E91D1A5CCF0075587F /* bart.jpg in Resources */,
				487D47441D1A4BFF00B22CA2 /* cellSimpson.xib in Resources */,
				4823F4EB1D1A5CCF0075587F /* crusty.jpg in Resources */,
				4823F4EE1D1A5CCF0075587F /* lisa.jpg in Resources */,
				4823F4F31D1A5CCF0075587F /* moe.jpg in Resources */,
				4823F4F51D1A5CCF0075587F /* santa.jpg in Resources */,
				487D473A1D1A396C00B22CA2 /* lisa_test.gif in Resources */,
				4823F4EA1D1A5CCF0075587F /* Burns.jpg.png in Resources */,
				487D473B1D1A396C00B22CA2 /* maggie_test.gif in Resources */,
				487D471E1D14E0F100B22CA2 /* Main.storyboard in Resources */,
				4823F4F11D1A5CCF0075587F /* martin.jpg in Resources */,
				4823F4F61D1A5CCF0075587F /* skinner.jpg in Resources */,
				4823F4EC1D1A5CCF0075587F /* gorgory.jpg in Resources */,
			);
			runOnlyForDeploymentPostprocessing = 0;
		};
/* End PBXResourcesBuildPhase section */

/* Begin PBXSourcesBuildPhase section */
		487D470C1D14E0F100B22CA2 /* Sources */ = {
			isa = PBXSourcesBuildPhase;
			buildActionMask = 2147483647;
			files = (
				487D47311D1A144D00B22CA2 /* Intro.m in Sources */,
				487D47431D1A4BFF00B22CA2 /* cellSimpson.m in Sources */,
				487D471B1D14E0F100B22CA2 /* Start.m in Sources */,
				487D47341D1A1CE100B22CA2 /* Declarations.m in Sources */,
				487D47181D14E0F100B22CA2 /* AppDelegate.m in Sources */,
				487D47211D14E0F100B22CA2 /* Lab04_Table.xcdatamodeld in Sources */,
				487D47151D14E0F100B22CA2 /* main.m in Sources */,
				487D473E1D1A458800B22CA2 /* HomeScreen.m in Sources */,
			);
			runOnlyForDeploymentPostprocessing = 0;
		};
/* End PBXSourcesBuildPhase section */

/* Begin PBXVariantGroup section */
		487D471C1D14E0F100B22CA2 /* Main.storyboard */ = {
			isa = PBXVariantGroup;
			children = (
				487D471D1D14E0F100B22CA2 /* Base */,
			);
			name = Main.storyboard;
			sourceTree = "<group>";
		};
		487D47241D14E0F100B22CA2 /* LaunchScreen.storyboard */ = {
			isa = PBXVariantGroup;
			children = (
				487D47251D14E0F100B22CA2 /* Base */,
			);
			name = LaunchScreen.storyboard;
			sourceTree = "<group>";
		};
/* End PBXVariantGroup section */

/* Begin XCBuildConfiguration section */
		487D47281D14E0F100B22CA2 /* Debug */ = {
			isa = XCBuildConfiguration;
			buildSettings = {
				ALWAYS_SEARCH_USER_PATHS = NO;
				CLANG_CXX_LANGUAGE_STANDARD = "gnu++0x";
				CLANG_CXX_LIBRARY = "libc++";
				CLANG_ENABLE_MODULES = YES;
				CLANG_ENABLE_OBJC_ARC = YES;
				CLANG_WARN_BOOL_CONVERSION = YES;
				CLANG_WARN_CONSTANT_CONVERSION = YES;
				CLANG_WARN_DIRECT_OBJC_ISA_USAGE = YES_ERROR;
				CLANG_WARN_EMPTY_BODY = YES;
				CLANG_WARN_ENUM_CONVERSION = YES;
				CLANG_WARN_INT_CONVERSION = YES;
				CLANG_WARN_OBJC_ROOT_CLASS = YES_ERROR;
				CLANG_WARN_UNREACHABLE_CODE = YES;
				CLANG_WARN__DUPLICATE_METHOD_MATCH = YES;
				"CODE_SIGN_IDENTITY[sdk=iphoneos*]" = "iPhone Developer";
				COPY_PHASE_STRIP = NO;
				DEBUG_INFORMATION_FORMAT = dwarf;
				ENABLE_STRICT_OBJC_MSGSEND = YES;
				ENABLE_TESTABILITY = YES;
				GCC_C_LANGUAGE_STANDARD = gnu99;
				GCC_DYNAMIC_NO_PIC = NO;
				GCC_NO_COMMON_BLOCKS = YES;
				GCC_OPTIMIZATION_LEVEL = 0;
				GCC_PREPROCESSOR_DEFINITIONS = (
					"DEBUG=1",
					"$(inherited)",
				);
				GCC_WARN_64_TO_32_BIT_CONVERSION = YES;
				GCC_WARN_ABOUT_RETURN_TYPE = YES_ERROR;
				GCC_WARN_UNDECLARED_SELECTOR = YES;
				GCC_WARN_UNINITIALIZED_AUTOS = YES_AGGRESSIVE;
				GCC_WARN_UNUSED_FUNCTION = YES;
				GCC_WARN_UNUSED_VARIABLE = YES;
				IPHONEOS_DEPLOYMENT_TARGET = 9.1;
				MTL_ENABLE_DEBUG_INFO = YES;
				ONLY_ACTIVE_ARCH = YES;
				SDKROOT = iphoneos;
			};
			name = Debug;
		};
		487D47291D14E0F100B22CA2 /* Release */ = {
			isa = XCBuildConfiguration;
			buildSettings = {
				ALWAYS_SEARCH_USER_PATHS = NO;
				CLANG_CXX_LANGUAGE_STANDARD = "gnu++0x";
				CLANG_CXX_LIBRARY = "libc++";
				CLANG_ENABLE_MODULES = YES;
				CLANG_ENABLE_OBJC_ARC = YES;
				CLANG_WARN_BOOL_CONVERSION = YES;
				CLANG_WARN_CONSTANT_CONVERSION = YES;
				CLANG_WARN_DIRECT_OBJC_ISA_USAGE = YES_ERROR;
				CLANG_WARN_EMPTY_BODY = YES;
				CLANG_WARN_ENUM_CONVERSION = YES;
				CLANG_WARN_INT_CONVERSION = YES;
				CLANG_WARN_OBJC_ROOT_CLASS = YES_ERROR;
				CLANG_WARN_UNREACHABLE_CODE = YES;
				CLANG_WARN__DUPLICATE_METHOD_MATCH = YES;
				"CODE_SIGN_IDENTITY[sdk=iphoneos*]" = "iPhone Developer";
				COPY_PHASE_STRIP = NO;
				DEBUG_INFORMATION_FORMAT = "dwarf-with-dsym";
				ENABLE_NS_ASSERTIONS = NO;
				ENABLE_STRICT_OBJC_MSGSEND = YES;
				GCC_C_LANGUAGE_STANDARD = gnu99;
				GCC_NO_COMMON_BLOCKS = YES;
				GCC_WARN_64_TO_32_BIT_CONVERSION = YES;
				GCC_WARN_ABOUT_RETURN_TYPE = YES_ERROR;
				GCC_WARN_UNDECLARED_SELECTOR = YES;
				GCC_WARN_UNINITIALIZED_AUTOS = YES_AGGRESSIVE;
				GCC_WARN_UNUSED_FUNCTION = YES;
				GCC_WARN_UNUSED_VARIABLE = YES;
				IPHONEOS_DEPLOYMENT_TARGET = 9.1;
				MTL_ENABLE_DEBUG_INFO = NO;
				SDKROOT = iphoneos;
				VALIDATE_PRODUCT = YES;
			};
			name = Release;
		};
		487D472B1D14E0F100B22CA2 /* Debug */ = {
			isa = XCBuildConfiguration;
			buildSettings = {
				ASSETCATALOG_COMPILER_APPICON_NAME = AppIcon;
				INFOPLIST_FILE = Lab04_Table/Info.plist;
				LD_RUNPATH_SEARCH_PATHS = "$(inherited) @executable_path/Frameworks";
				PRODUCT_BUNDLE_IDENTIFIER = "com.Luis.Lab04-Table";
				PRODUCT_NAME = "$(TARGET_NAME)";
			};
			name = Debug;
		};
		487D472C1D14E0F100B22CA2 /* Release */ = {
			isa = XCBuildConfiguration;
			buildSettings = {
				ASSETCATALOG_COMPILER_APPICON_NAME = AppIcon;
				INFOPLIST_FILE = Lab04_Table/Info.plist;
				LD_RUNPATH_SEARCH_PATHS = "$(inherited) @executable_path/Frameworks";
				PRODUCT_BUNDLE_IDENTIFIER = "com.Luis.Lab04-Table";
				PRODUCT_NAME = "$(TARGET_NAME)";
			};
			name = Release;
		};
/* End XCBuildConfiguration section */

/* Begin XCConfigurationList section */
		487D470B1D14E0F100B22CA2 /* Build configuration list for PBXProject "Lab04_Table" */ = {
			isa = XCConfigurationList;
			buildConfigurations = (
				487D47281D14E0F100B22CA2 /* Debug */,
				487D47291D14E0F100B22CA2 /* Release */,
			);
			defaultConfigurationIsVisible = 0;
			defaultConfigurationName = Release;
		};
		487D472A1D14E0F100B22CA2 /* Build configuration list for PBXNativeTarget "Lab04_Table" */ = {
			isa = XCConfigurationList;
			buildConfigurations = (
				487D472B1D14E0F100B22CA2 /* Debug */,
				487D472C1D14E0F100B22CA2 /* Release */,
			);
			defaultConfigurationIsVisible = 0;
			defaultConfigurationName = Release;
		};
/* End XCConfigurationList section */

/* Begin XCVersionGroup section */
		487D471F1D14E0F100B22CA2 /* Lab04_Table.xcdatamodeld */ = {
			isa = XCVersionGroup;
			children = (
				487D47201D14E0F100B22CA2 /* Lab04_Table.xcdatamodel */,
			);
			currentVersion = 487D47201D14E0F100B22CA2 /* Lab04_Table.xcdatamodel */;
			path = Lab04_Table.xcdatamodeld;
			sourceTree = "<group>";
			versionGroupType = wrapper.xcdatamodel;
		};
/* End XCVersionGroup section */
	};
	rootObject = 487D47081D14E0F100B22CA2 /* Project object */;
}
